// !$*UTF8*$!
{
	archiveVersion = 1;
	classes = {
	};
	objectVersion = 50;
	objects = {

/* Begin PBXBuildFile section */
		BCC8C9E62158D2F00081750B /* AppDelegate.m in Sources */ = {isa = PBXBuildFile; fileRef = BCC8C9E52158D2F00081750B /* AppDelegate.m */; };
		BCC8C9E92158D2F00081750B /* ViewController.m in Sources */ = {isa = PBXBuildFile; fileRef = BCC8C9E82158D2F00081750B /* ViewController.m */; };
		BCC8C9EC2158D2F00081750B /* Main.storyboard in Resources */ = {isa = PBXBuildFile; fileRef = BCC8C9EA2158D2F00081750B /* Main.storyboard */; };
		BCC8C9EE2158D2F20081750B /* Assets.xcassets in Resources */ = {isa = PBXBuildFile; fileRef = BCC8C9ED2158D2F20081750B /* Assets.xcassets */; };
		BCC8C9F12158D2F20081750B /* LaunchScreen.storyboard in Resources */ = {isa = PBXBuildFile; fileRef = BCC8C9EF2158D2F20081750B /* LaunchScreen.storyboard */; };
		BCC8C9F42158D2F20081750B /* main.m in Sources */ = {isa = PBXBuildFile; fileRef = BCC8C9F32158D2F20081750B /* main.m */; };
		BCC8C9FE2158D2F20081750B /* MapAPPTests.m in Sources */ = {isa = PBXBuildFile; fileRef = BCC8C9FD2158D2F20081750B /* MapAPPTests.m */; };
		BCC8CA092158D2F30081750B /* MapAPPUITests.m in Sources */ = {isa = PBXBuildFile; fileRef = BCC8CA082158D2F30081750B /* MapAPPUITests.m */; };
		BCC8CA182158D6A80081750B /* MapKit.framework in Frameworks */ = {isa = PBXBuildFile; fileRef = BCC8CA172158D6A80081750B /* MapKit.framework */; };
		BCC8CA1B2158DAEF0081750B /* mapPin.m in Sources */ = {isa = PBXBuildFile; fileRef = BCC8CA1A2158DAEF0081750B /* mapPin.m */; };
/* End PBXBuildFile section */

/* Begin PBXContainerItemProxy section */
		BCC8C9FA2158D2F20081750B /* PBXContainerItemProxy */ = {
			isa = PBXContainerItemProxy;
			containerPortal = BCC8C9D92158D2F00081750B /* Project object */;
			proxyType = 1;
			remoteGlobalIDString = BCC8C9E02158D2F00081750B;
			remoteInfo = MapAPP;
		};
		BCC8CA052158D2F30081750B /* PBXContainerItemProxy */ = {
			isa = PBXContainerItemProxy;
			containerPortal = BCC8C9D92158D2F00081750B /* Project object */;
			proxyType = 1;
			remoteGlobalIDString = BCC8C9E02158D2F00081750B;
			remoteInfo = MapAPP;
		};
/* End PBXContainerItemProxy section */

/* Begin PBXFileReference section */
		BCC8C9E12158D2F00081750B /* MapAPP.app */ = {isa = PBXFileReference; explicitFileType = wrapper.application; includeInIndex = 0; path = MapAPP.app; sourceTree = BUILT_PRODUCTS_DIR; };
		BCC8C9E42158D2F00081750B /* AppDelegate.h */ = {isa = PBXFileReference; lastKnownFileType = sourcecode.c.h; path = AppDelegate.h; sourceTree = "<group>"; };
		BCC8C9E52158D2F00081750B /* AppDelegate.m */ = {isa = PBXFileReference; lastKnownFileType = sourcecode.c.objc; path = AppDelegate.m; sourceTree = "<group>"; };
		BCC8C9E72158D2F00081750B /* ViewController.h */ = {isa = PBXFileReference; lastKnownFileType = sourcecode.c.h; path = ViewController.h; sourceTree = "<group>"; };
		BCC8C9E82158D2F00081750B /* ViewController.m */ = {isa = PBXFileReference; lastKnownFileType = sourcecode.c.objc; path = ViewController.m; sourceTree = "<group>"; };
		BCC8C9EB2158D2F00081750B /* Base */ = {isa = PBXFileReference; lastKnownFileType = file.storyboard; name = Base; path = Base.lproj/Main.storyboard; sourceTree = "<group>"; };
		BCC8C9ED2158D2F20081750B /* Assets.xcassets */ = {isa = PBXFileReference; lastKnownFileType = folder.assetcatalog; path = Assets.xcassets; sourceTree = "<group>"; };
		BCC8C9F02158D2F20081750B /* Base */ = {isa = PBXFileReference; lastKnownFileType = file.storyboard; name = Base; path = Base.lproj/LaunchScreen.storyboard; sourceTree = "<group>"; };
		BCC8C9F22158D2F20081750B /* Info.plist */ = {isa = PBXFileReference; lastKnownFileType = text.plist.xml; path = Info.plist; sourceTree = "<group>"; };
		BCC8C9F32158D2F20081750B /* main.m */ = {isa = PBXFileReference; lastKnownFileType = sourcecode.c.objc; path = main.m; sourceTree = "<group>"; };
		BCC8C9F92158D2F20081750B /* MapAPPTests.xctest */ = {isa = PBXFileReference; explicitFileType = wrapper.cfbundle; includeInIndex = 0; path = MapAPPTests.xctest; sourceTree = BUILT_PRODUCTS_DIR; };
		BCC8C9FD2158D2F20081750B /* MapAPPTests.m */ = {isa = PBXFileReference; lastKnownFileType = sourcecode.c.objc; path = MapAPPTests.m; sourceTree = "<group>"; };
		BCC8C9FF2158D2F20081750B /* Info.plist */ = {isa = PBXFileReference; lastKnownFileType = text.plist.xml; path = Info.plist; sourceTree = "<group>"; };
		BCC8CA042158D2F30081750B /* MapAPPUITests.xctest */ = {isa = PBXFileReference; explicitFileType = wrapper.cfbundle; includeInIndex = 0; path = MapAPPUITests.xctest; sourceTree = BUILT_PRODUCTS_DIR; };
		BCC8CA082158D2F30081750B /* MapAPPUITests.m */ = {isa = PBXFileReference; lastKnownFileType = sourcecode.c.objc; path = MapAPPUITests.m; sourceTree = "<group>"; };
		BCC8CA0A2158D2F30081750B /* Info.plist */ = {isa = PBXFileReference; lastKnownFileType = text.plist.xml; path = Info.plist; sourceTree = "<group>"; };
		BCC8CA172158D6A80081750B /* MapKit.framework */ = {isa = PBXFileReference; lastKnownFileType = wrapper.framework; name = MapKit.framework; path = System/Library/Frameworks/MapKit.framework; sourceTree = SDKROOT; };
		BCC8CA192158DAEF0081750B /* mapPin.h */ = {isa = PBXFileReference; lastKnownFileType = sourcecode.c.h; path = mapPin.h; sourceTree = "<group>"; };
		BCC8CA1A2158DAEF0081750B /* mapPin.m */ = {isa = PBXFileReference; lastKnownFileType = sourcecode.c.objc; path = mapPin.m; sourceTree = "<group>"; };
/* End PBXFileReference section */

/* Begin PBXFrameworksBuildPhase section */
		BCC8C9DE2158D2F00081750B /* Frameworks */ = {
			isa = PBXFrameworksBuildPhase;
			buildActionMask = 2147483647;
			files = (
				BCC8CA182158D6A80081750B /* MapKit.framework in Frameworks */,
			);
			runOnlyForDeploymentPostprocessing = 0;
		};
		BCC8C9F62158D2F20081750B /* Frameworks */ = {
			isa = PBXFrameworksBuildPhase;
			buildActionMask = 2147483647;
			files = (
			);
			runOnlyForDeploymentPostprocessing = 0;
		};
		BCC8CA012158D2F30081750B /* Frameworks */ = {
			isa = PBXFrameworksBuildPhase;
			buildActionMask = 2147483647;
			files = (
			);
			runOnlyForDeploymentPostprocessing = 0;
		};
/* End PBXFrameworksBuildPhase section */

/* Begin PBXGroup section */
		BCC8C9D82158D2F00081750B = {
			isa = PBXGroup;
			children = (
				BCC8C9E32158D2F00081750B /* MapAPP */,
				BCC8C9FC2158D2F20081750B /* MapAPPTests */,
				BCC8CA072158D2F30081750B /* MapAPPUITests */,
				BCC8C9E22158D2F00081750B /* Products */,
				BCC8CA162158D6A80081750B /* Frameworks */,
			);
			sourceTree = "<group>";
		};
		BCC8C9E22158D2F00081750B /* Products */ = {
			isa = PBXGroup;
			children = (
				BCC8C9E12158D2F00081750B /* MapAPP.app */,
				BCC8C9F92158D2F20081750B /* MapAPPTests.xctest */,
				BCC8CA042158D2F30081750B /* MapAPPUITests.xctest */,
			);
			name = Products;
			sourceTree = "<group>";
		};
		BCC8C9E32158D2F00081750B /* MapAPP */ = {
			isa = PBXGroup;
			children = (
				BCC8C9E42158D2F00081750B /* AppDelegate.h */,
				BCC8C9E52158D2F00081750B /* AppDelegate.m */,
				BCC8C9E72158D2F00081750B /* ViewController.h */,
				BCC8C9E82158D2F00081750B /* ViewController.m */,
				BCC8CA192158DAEF0081750B /* mapPin.h */,
				BCC8CA1A2158DAEF0081750B /* mapPin.m */,
				BCC8C9EA2158D2F00081750B /* Main.storyboard */,
				BCC8C9ED2158D2F20081750B /* Assets.xcassets */,
				BCC8C9EF2158D2F20081750B /* LaunchScreen.storyboard */,
				BCC8C9F22158D2F20081750B /* Info.plist */,
				BCC8C9F32158D2F20081750B /* main.m */,
			);
			path = MapAPP;
			sourceTree = "<group>";
		};
		BCC8C9FC2158D2F20081750B /* MapAPPTests */ = {
			isa = PBXGroup;
			children = (
				BCC8C9FD2158D2F20081750B /* MapAPPTests.m */,
				BCC8C9FF2158D2F20081750B /* Info.plist */,
			);
			path = MapAPPTests;
			sourceTree = "<group>";
		};
		BCC8CA072158D2F30081750B /* MapAPPUITests */ = {
			isa = PBXGroup;
			children = (
				BCC8CA082158D2F30081750B /* MapAPPUITests.m */,
				BCC8CA0A2158D2F30081750B /* Info.plist */,
			);
			path = MapAPPUITests;
			sourceTree = "<group>";
		};
		BCC8CA162158D6A80081750B /* Frameworks */ = {
			isa = PBXGroup;
			children = (
				BCC8CA172158D6A80081750B /* MapKit.framework */,
			);
			name = Frameworks;
			sourceTree = "<group>";
		};
/* End PBXGroup section */

/* Begin PBXNativeTarget section */
		BCC8C9E02158D2F00081750B /* MapAPP */ = {
			isa = PBXNativeTarget;
			buildConfigurationList = BCC8CA0D2158D2F30081750B /* Build configuration list for PBXNativeTarget "MapAPP" */;
			buildPhases = (
				BCC8C9DD2158D2F00081750B /* Sources */,
				BCC8C9DE2158D2F00081750B /* Frameworks */,
				BCC8C9DF2158D2F00081750B /* Resources */,
			);
			buildRules = (
			);
			dependencies = (
			);
			name = MapAPP;
			productName = MapAPP;
			productReference = BCC8C9E12158D2F00081750B /* MapAPP.app */;
			productType = "com.apple.product-type.application";
		};
		BCC8C9F82158D2F20081750B /* MapAPPTests */ = {
			isa = PBXNativeTarget;
			buildConfigurationList = BCC8CA102158D2F30081750B /* Build configuration list for PBXNativeTarget "MapAPPTests" */;
			buildPhases = (
				BCC8C9F52158D2F20081750B /* Sources */,
				BCC8C9F62158D2F20081750B /* Frameworks */,
				BCC8C9F72158D2F20081750B /* Resources */,
			);
			buildRules = (
			);
			dependencies = (
				BCC8C9FB2158D2F20081750B /* PBXTargetDependency */,
			);
			name = MapAPPTests;
			productName = MapAPPTests;
			productReference = BCC8C9F92158D2F20081750B /* MapAPPTests.xctest */;
			productType = "com.apple.product-type.bundle.unit-test";
		};
		BCC8CA032158D2F30081750B /* MapAPPUITests */ = {
			isa = PBXNativeTarget;
			buildConfigurationList = BCC8CA132158D2F30081750B /* Build configuration list for PBXNativeTarget "MapAPPUITests" */;
			buildPhases = (
				BCC8CA002158D2F30081750B /* Sources */,
				BCC8CA012158D2F30081750B /* Frameworks */,
				BCC8CA022158D2F30081750B /* Resources */,
			);
			buildRules = (
			);
			dependencies = (
				BCC8CA062158D2F30081750B /* PBXTargetDependency */,
			);
			name = MapAPPUITests;
			productName = MapAPPUITests;
			productReference = BCC8CA042158D2F30081750B /* MapAPPUITests.xctest */;
			productType = "com.apple.product-type.bundle.ui-testing";
		};
/* End PBXNativeTarget section */

/* Begin PBXProject section */
		BCC8C9D92158D2F00081750B /* Project object */ = {
			isa = PBXProject;
			attributes = {
				LastUpgradeCheck = 0940;
				ORGANIZATIONNAME = ove;
				TargetAttributes = {
					BCC8C9E02158D2F00081750B = {
						CreatedOnToolsVersion = 9.4.1;
						SystemCapabilities = {
							com.apple.Maps.iOS = {
								enabled = 1;
							};
						};
					};
					BCC8C9F82158D2F20081750B = {
						CreatedOnToolsVersion = 9.4.1;
						TestTargetID = BCC8C9E02158D2F00081750B;
					};
					BCC8CA032158D2F30081750B = {
						CreatedOnToolsVersion = 9.4.1;
						TestTargetID = BCC8C9E02158D2F00081750B;
					};
				};
			};
			buildConfigurationList = BCC8C9DC2158D2F00081750B /* Build configuration list for PBXProject "MapAPP" */;
			compatibilityVersion = "Xcode 9.3";
			developmentRegion = en;
			hasScannedForEncodings = 0;
			knownRegions = (
				en,
				Base,
			);
			mainGroup = BCC8C9D82158D2F00081750B;
			productRefGroup = BCC8C9E22158D2F00081750B /* Products */;
			projectDirPath = "";
			projectRoot = "";
			targets = (
				BCC8C9E02158D2F00081750B /* MapAPP */,
				BCC8C9F82158D2F20081750B /* MapAPPTests */,
				BCC8CA032158D2F30081750B /* MapAPPUITests */,
			);
		};
/* End PBXProject section */

/* Begin PBXResourcesBuildPhase section */
		BCC8C9DF2158D2F00081750B /* Resources */ = {
			isa = PBXResourcesBuildPhase;
			buildActionMask = 2147483647;
			files = (
				BCC8C9F12158D2F20081750B /* LaunchScreen.storyboard in Resources */,
				BCC8C9EE2158D2F20081750B /* Assets.xcassets in Resources */,
				BCC8C9EC2158D2F00081750B /* Main.storyboard in Resources */,
			);
			runOnlyForDeploymentPostprocessing = 0;
		};
		BCC8C9F72158D2F20081750B /* Resources */ = {
			isa = PBXResourcesBuildPhase;
			buildActionMask = 2147483647;
			files = (
			);
			runOnlyForDeploymentPostprocessing = 0;
		};
		BCC8CA022158D2F30081750B /* Resources */ = {
			isa = PBXResourcesBuildPhase;
			buildActionMask = 2147483647;
			files = (
			);
			runOnlyForDeploymentPostprocessing = 0;
		};
/* End PBXResourcesBuildPhase section */

/* Begin PBXSourcesBuildPhase section */
		BCC8C9DD2158D2F00081750B /* Sources */ = {
			isa = PBXSourcesBuildPhase;
			buildActionMask = 2147483647;
			files = (
				BCC8CA1B2158DAEF0081750B /* mapPin.m in Sources */,
				BCC8C9E92158D2F00081750B /* ViewController.m in Sources */,
				BCC8C9F42158D2F20081750B /* main.m in Sources */,
				BCC8C9E62158D2F00081750B /* AppDelegate.m in Sources */,
			);
			runOnlyForDeploymentPostprocessing = 0;
		};
		BCC8C9F52158D2F20081750B /* Sources */ = {
			isa = PBXSourcesBuildPhase;
			buildActionMask = 2147483647;
			files = (
				BCC8C9FE2158D2F20081750B /* MapAPPTests.m in Sources */,
			);
			runOnlyForDeploymentPostprocessing = 0;
		};
		BCC8CA002158D2F30081750B /* Sources */ = {
			isa = PBXSourcesBuildPhase;
			buildActionMask = 2147483647;
			files = (
				BCC8CA092158D2F30081750B /* MapAPPUITests.m in Sources */,
			);
			runOnlyForDeploymentPostprocessing = 0;
		};
/* End PBXSourcesBuildPhase section */

/* Begin PBXTargetDependency section */
		BCC8C9FB2158D2F20081750B /* PBXTargetDependency */ = {
			isa = PBXTargetDependency;
			target = BCC8C9E02158D2F00081750B /* MapAPP */;
			targetProxy = BCC8C9FA2158D2F20081750B /* PBXContainerItemProxy */;
		};
		BCC8CA062158D2F30081750B /* PBXTargetDependency */ = {
			isa = PBXTargetDependency;
			target = BCC8C9E02158D2F00081750B /* MapAPP */;
			targetProxy = BCC8CA052158D2F30081750B /* PBXContainerItemProxy */;
		};
/* End PBXTargetDependency section */

/* Begin PBXVariantGroup section */
		BCC8C9EA2158D2F00081750B /* Main.storyboard */ = {
			isa = PBXVariantGroup;
			children = (
				BCC8C9EB2158D2F00081750B /* Base */,
			);
			name = Main.storyboard;
			sourceTree = "<group>";
		};
		BCC8C9EF2158D2F20081750B /* LaunchScreen.storyboard */ = {
			isa = PBXVariantGroup;
			children = (
				BCC8C9F02158D2F20081750B /* Base */,
			);
			name = LaunchScreen.storyboard;
			sourceTree = "<group>";
		};
/* End PBXVariantGroup section */

/* Begin XCBuildConfiguration section */
		BCC8CA0B2158D2F30081750B /* Debug */ = {
			isa = XCBuildConfiguration;
			buildSettings = {
				ALWAYS_SEARCH_USER_PATHS = NO;
				CLANG_ANALYZER_NONNULL = YES;
				CLANG_ANALYZER_NUMBER_OBJECT_CONVERSION = YES_AGGRESSIVE;
				CLANG_CXX_LANGUAGE_STANDARD = "gnu++14";
				CLANG_CXX_LIBRARY = "libc++";
				CLANG_ENABLE_MODULES = YES;
				CLANG_ENABLE_OBJC_ARC = YES;
				CLANG_ENABLE_OBJC_WEAK = YES;
				CLANG_WARN_BLOCK_CAPTURE_AUTORELEASING = YES;
				CLANG_WARN_BOOL_CONVERSION = YES;
				CLANG_WARN_COMMA = YES;
				CLANG_WARN_CONSTANT_CONVERSION = YES;
				CLANG_WARN_DEPRECATED_OBJC_IMPLEMENTATIONS = YES;
				CLANG_WARN_DIRECT_OBJC_ISA_USAGE = YES_ERROR;
				CLANG_WARN_DOCUMENTATION_COMMENTS = YES;
				CLANG_WARN_EMPTY_BODY = YES;
				CLANG_WARN_ENUM_CONVERSION = YES;
				CLANG_WARN_INFINITE_RECURSION = YES;
				CLANG_WARN_INT_CONVERSION = YES;
				CLANG_WARN_NON_LITERAL_NULL_CONVERSION = YES;
				CLANG_WARN_OBJC_IMPLICIT_RETAIN_SELF = YES;
				CLANG_WARN_OBJC_LITERAL_CONVERSION = YES;
				CLANG_WARN_OBJC_ROOT_CLASS = YES_ERROR;
				CLANG_WARN_RANGE_LOOP_ANALYSIS = YES;
				CLANG_WARN_STRICT_PROTOTYPES = YES;
				CLANG_WARN_SUSPICIOUS_MOVE = YES;
				CLANG_WARN_UNGUARDED_AVAILABILITY = YES_AGGRESSIVE;
				CLANG_WARN_UNREACHABLE_CODE = YES;
				CLANG_WARN__DUPLICATE_METHOD_MATCH = YES;
				CODE_SIGN_IDENTITY = "iPhone Developer";
				COPY_PHASE_STRIP = NO;
				DEBUG_INFORMATION_FORMAT = dwarf;
				ENABLE_STRICT_OBJC_MSGSEND = YES;
				ENABLE_TESTABILITY = YES;
				GCC_C_LANGUAGE_STANDARD = gnu11;
				GCC_DYNAMIC_NO_PIC = NO;
				GCC_NO_COMMON_BLOCKS = YES;
				GCC_OPTIMIZATION_LEVEL = 0;
				GCC_PREPROCESSOR_DEFINITIONS = (
					"DEBUG=1",
					"$(inherited)",
				);
				GCC_WARN_64_TO_32_BIT_CONVERSION = YES;
				GCC_WARN_ABOUT_RETURN_TYPE = YES_ERROR;
				GCC_WARN_UNDECLARED_SELECTOR = YES;
				GCC_WARN_UNINITIALIZED_AUTOS = YES_AGGRESSIVE;
				GCC_WARN_UNUSED_FUNCTION = YES;
				GCC_WARN_UNUSED_VARIABLE = YES;
				IPHONEOS_DEPLOYMENT_TARGET = 11.4;
				MTL_ENABLE_DEBUG_INFO = YES;
				ONLY_ACTIVE_ARCH = YES;
				SDKROOT = iphoneos;
			};
			name = Debug;
		};
		BCC8CA0C2158D2F30081750B /* Release */ = {
			isa = XCBuildConfiguration;
			buildSettings = {
				ALWAYS_SEARCH_USER_PATHS = NO;
				CLANG_ANALYZER_NONNULL = YES;
				CLANG_ANALYZER_NUMBER_OBJECT_CONVERSION = YES_AGGRESSIVE;
				CLANG_CXX_LANGUAGE_STANDARD = "gnu++14";
				CLANG_CXX_LIBRARY = "libc++";
				CLANG_ENABLE_MODULES = YES;
				CLANG_ENABLE_OBJC_ARC = YES;
				CLANG_ENABLE_OBJC_WEAK = YES;
				CLANG_WARN_BLOCK_CAPTURE_AUTORELEASING = YES;
				CLANG_WARN_BOOL_CONVERSION = YES;
				CLANG_WARN_COMMA = YES;
				CLANG_WARN_CONSTANT_CONVERSION = YES;
				CLANG_WARN_DEPRECATED_OBJC_IMPLEMENTATIONS = YES;
				CLANG_WARN_DIRECT_OBJC_ISA_USAGE = YES_ERROR;
				CLANG_WARN_DOCUMENTATION_COMMENTS = YES;
				CLANG_WARN_EMPTY_BODY = YES;
				CLANG_WARN_ENUM_CONVERSION = YES;
				CLANG_WARN_INFINITE_RECURSION = YES;
				CLANG_WARN_INT_CONVERSION = YES;
				CLANG_WARN_NON_LITERAL_NULL_CONVERSION = YES;
				CLANG_WARN_OBJC_IMPLICIT_RETAIN_SELF = YES;
				CLANG_WARN_OBJC_LITERAL_CONVERSION = YES;
				CLANG_WARN_OBJC_ROOT_CLASS = YES_ERROR;
				CLANG_WARN_RANGE_LOOP_ANALYSIS = YES;
				CLANG_WARN_STRICT_PROTOTYPES = YES;
				CLANG_WARN_SUSPICIOUS_MOVE = YES;
				CLANG_WARN_UNGUARDED_AVAILABILITY = YES_AGGRESSIVE;
				CLANG_WARN_UNREACHABLE_CODE = YES;
				CLANG_WARN__DUPLICATE_METHOD_MATCH = YES;
				CODE_SIGN_IDENTITY = "iPhone Developer";
				COPY_PHASE_STRIP = NO;
				DEBUG_INFORMATION_FORMAT = "dwarf-with-dsym";
				ENABLE_NS_ASSERTIONS = NO;
				ENABLE_STRICT_OBJC_MSGSEND = YES;
				GCC_C_LANGUAGE_STANDARD = gnu11;
				GCC_NO_COMMON_BLOCKS = YES;
				GCC_WARN_64_TO_32_BIT_CONVERSION = YES;
				GCC_WARN_ABOUT_RETURN_TYPE = YES_ERROR;
				GCC_WARN_UNDECLARED_SELECTOR = YES;
				GCC_WARN_UNINITIALIZED_AUTOS = YES_AGGRESSIVE;
				GCC_WARN_UNUSED_FUNCTION = YES;
				GCC_WARN_UNUSED_VARIABLE = YES;
				IPHONEOS_DEPLOYMENT_TARGET = 11.4;
				MTL_ENABLE_DEBUG_INFO = NO;
				SDKROOT = iphoneos;
				VALIDATE_PRODUCT = YES;
			};
			name = Release;
		};
		BCC8CA0E2158D2F30081750B /* Debug */ = {
			isa = XCBuildConfiguration;
			buildSettings = {
				ASSETCATALOG_COMPILER_APPICON_NAME = AppIcon;
				CODE_SIGN_STYLE = Automatic;
				INFOPLIST_FILE = MapAPP/Info.plist;
				LD_RUNPATH_SEARCH_PATHS = (
					"$(inherited)",
					"@executable_path/Frameworks",
				);
				PRODUCT_BUNDLE_IDENTIFIER = home.MapAPP;
				PRODUCT_NAME = "$(TARGET_NAME)";
				TARGETED_DEVICE_FAMILY = "1,2";
			};
			name = Debug;
		};
		BCC8CA0F2158D2F30081750B /* Release */ = {
			isa = XCBuildConfiguration;
			buildSettings = {
				ASSETCATALOG_COMPILER_APPICON_NAME = AppIcon;
				CODE_SIGN_STYLE = Automatic;
				INFOPLIST_FILE = MapAPP/Info.plist;
				LD_RUNPATH_SEARCH_PATHS = (
					"$(inherited)",
					"@executable_path/Frameworks",
				);
				PRODUCT_BUNDLE_IDENTIFIER = home.MapAPP;
				PRODUCT_NAME = "$(TARGET_NAME)";
				TARGETED_DEVICE_FAMILY = "1,2";
			};
			name = Release;
		};
		BCC8CA112158D2F30081750B /* Debug */ = {
			isa = XCBuildConfiguration;
			buildSettings = {
				BUNDLE_LOADER = "$(TEST_HOST)";
				CODE_SIGN_STYLE = Automatic;
				INFOPLIST_FILE = MapAPPTests/Info.plist;
				LD_RUNPATH_SEARCH_PATHS = (
					"$(inherited)",
					"@executable_path/Frameworks",
					"@loader_path/Frameworks",
				);
				PRODUCT_BUNDLE_IDENTIFIER = home.MapAPPTests;
				PRODUCT_NAME = "$(TARGET_NAME)";
				TARGETED_DEVICE_FAMILY = "1,2";
				TEST_HOST = "$(BUILT_PRODUCTS_DIR)/MapAPP.app/MapAPP";
			};
			name = Debug;
		};
		BCC8CA122158D2F30081750B /* Release */ = {
			isa = XCBuildConfiguration;
			buildSettings = {
				BUNDLE_LOADER = "$(TEST_HOST)";
				CODE_SIGN_STYLE = Automatic;
				INFOPLIST_FILE = MapAPPTests/Info.plist;
				LD_RUNPATH_SEARCH_PATHS = (
					"$(inherited)",
					"@executable_path/Frameworks",
					"@loader_path/Frameworks",
				);
				PRODUCT_BUNDLE_IDENTIFIER = home.MapAPPTests;
				PRODUCT_NAME = "$(TARGET_NAME)";
				TARGETED_DEVICE_FAMILY = "1,2";
				TEST_HOST = "$(BUILT_PRODUCTS_DIR)/MapAPP.app/MapAPP";
			};
			name = Release;
		};
		BCC8CA142158D2F30081750B /* Debug */ = {
			isa = XCBuildConfiguration;
			buildSettings = {
				CODE_SIGN_STYLE = Automatic;
				INFOPLIST_FILE = MapAPPUITests/Info.plist;
				LD_RUNPATH_SEARCH_PATHS = (
					"$(inherited)",
					"@executable_path/Frameworks",
					"@loader_path/Frameworks",
				);
				PRODUCT_BUNDLE_IDENTIFIER = home.MapAPPUITests;
				PRODUCT_NAME = "$(TARGET_NAME)";
				TARGETED_DEVICE_FAMILY = "1,2";
				TEST_TARGET_NAME = MapAPP;
			};
			name = Debug;
		};
		BCC8CA152158D2F30081750B /* Release */ = {
			isa = XCBuildConfiguration;
			buildSettings = {
				CODE_SIGN_STYLE = Automatic;
				INFOPLIST_FILE = MapAPPUITests/Info.plist;
				LD_RUNPATH_SEARCH_PATHS = (
					"$(inherited)",
					"@executable_path/Frameworks",
					"@loader_path/Frameworks",
				);
				PRODUCT_BUNDLE_IDENTIFIER = home.MapAPPUITests;
				PRODUCT_NAME = "$(TARGET_NAME)";
				TARGETED_DEVICE_FAMILY = "1,2";
				TEST_TARGET_NAME = MapAPP;
			};
			name = Release;
		};
/* End XCBuildConfiguration section */

/* Begin XCConfigurationList section */
		BCC8C9DC2158D2F00081750B /* Build configuration list for PBXProject "MapAPP" */ = {
			isa = XCConfigurationList;
			buildConfigurations = (
				BCC8CA0B2158D2F30081750B /* Debug */,
				BCC8CA0C2158D2F30081750B /* Release */,
			);
			defaultConfigurationIsVisible = 0;
			defaultConfigurationName = Release;
		};
		BCC8CA0D2158D2F30081750B /* Build configuration list for PBXNativeTarget "MapAPP" */ = {
			isa = XCConfigurationList;
			buildConfigurations = (
				BCC8CA0E2158D2F30081750B /* Debug */,
				BCC8CA0F2158D2F30081750B /* Release */,
			);
			defaultConfigurationIsVisible = 0;
			defaultConfigurationName = Release;
		};
		BCC8CA102158D2F30081750B /* Build configuration list for PBXNativeTarget "MapAPPTests" */ = {
			isa = XCConfigurationList;
			buildConfigurations = (
				BCC8CA112158D2F30081750B /* Debug */,
				BCC8CA122158D2F30081750B /* Release */,
			);
			defaultConfigurationIsVisible = 0;
			defaultConfigurationName = Release;
		};
		BCC8CA132158D2F30081750B /* Build configuration list for PBXNativeTarget "MapAPPUITests" */ = {
			isa = XCConfigurationList;
			buildConfigurations = (
				BCC8CA142158D2F30081750B /* Debug */,
				BCC8CA152158D2F30081750B /* Release */,
			);
			defaultConfigurationIsVisible = 0;
			defaultConfigurationName = Release;
		};
/* End XCConfigurationList section */
	};
	rootObject = BCC8C9D92158D2F00081750B /* Project object */;
}
